// !$*UTF8*$!
{
	archiveVersion = 1;
	classes = {
	};
	objectVersion = 56;
	objects = {

/* Begin PBXBuildFile section */
		217D3CF629DF516E00AAFEEB /* test3App.swift in Sources */ = {isa = PBXBuildFile; fileRef = 217D3CF529DF516E00AAFEEB /* test3App.swift */; };
		217D3CF829DF516E00AAFEEB /* ContentView.swift in Sources */ = {isa = PBXBuildFile; fileRef = 217D3CF729DF516E00AAFEEB /* ContentView.swift */; };
		217D3CFA29DF517100AAFEEB /* Assets.xcassets in Resources */ = {isa = PBXBuildFile; fileRef = 217D3CF929DF517100AAFEEB /* Assets.xcassets */; };
		217D3CFE29DF517100AAFEEB /* Preview Assets.xcassets in Resources */ = {isa = PBXBuildFile; fileRef = 217D3CFD29DF517100AAFEEB /* Preview Assets.xcassets */; };
		217D3D0829DF517100AAFEEB /* test3Tests.swift in Sources */ = {isa = PBXBuildFile; fileRef = 217D3D0729DF517100AAFEEB /* test3Tests.swift */; };
		217D3D1229DF517100AAFEEB /* test3UITests.swift in Sources */ = {isa = PBXBuildFile; fileRef = 217D3D1129DF517100AAFEEB /* test3UITests.swift */; };
		217D3D1429DF517100AAFEEB /* test3UITestsLaunchTests.swift in Sources */ = {isa = PBXBuildFile; fileRef = 217D3D1329DF517100AAFEEB /* test3UITestsLaunchTests.swift */; };
		217D3D2229DFBF0400AAFEEB /* AudioKitUI in Frameworks */ = {isa = PBXBuildFile; productRef = 217D3D2129DFBF0400AAFEEB /* AudioKitUI */; };
		217D3DCF29E2763300AAFEEB /* QRScanner.swift in Sources */ = {isa = PBXBuildFile; fileRef = 217D3DCE29E2763300AAFEEB /* QRScanner.swift */; };
		21FD94DB29E65F95009BBEB8 /* audioRecorder.swift in Sources */ = {isa = PBXBuildFile; fileRef = 21FD94DA29E65F95009BBEB8 /* audioRecorder.swift */; };
/* End PBXBuildFile section */

/* Begin PBXContainerItemProxy section */
		217D3D0429DF517100AAFEEB /* PBXContainerItemProxy */ = {
			isa = PBXContainerItemProxy;
			containerPortal = 217D3CEA29DF516E00AAFEEB /* Project object */;
			proxyType = 1;
			remoteGlobalIDString = 217D3CF129DF516E00AAFEEB;
			remoteInfo = test3;
		};
		217D3D0E29DF517100AAFEEB /* PBXContainerItemProxy */ = {
			isa = PBXContainerItemProxy;
			containerPortal = 217D3CEA29DF516E00AAFEEB /* Project object */;
			proxyType = 1;
			remoteGlobalIDString = 217D3CF129DF516E00AAFEEB;
			remoteInfo = test3;
		};
/* End PBXContainerItemProxy section */

/* Begin PBXFileReference section */
		217D3CF229DF516E00AAFEEB /* test3.app */ = {isa = PBXFileReference; explicitFileType = wrapper.application; includeInIndex = 0; path = test3.app; sourceTree = BUILT_PRODUCTS_DIR; };
		217D3CF529DF516E00AAFEEB /* test3App.swift */ = {isa = PBXFileReference; lastKnownFileType = sourcecode.swift; path = test3App.swift; sourceTree = "<group>"; };
		217D3CF729DF516E00AAFEEB /* ContentView.swift */ = {isa = PBXFileReference; lastKnownFileType = sourcecode.swift; path = ContentView.swift; sourceTree = "<group>"; };
		217D3CF929DF517100AAFEEB /* Assets.xcassets */ = {isa = PBXFileReference; lastKnownFileType = folder.assetcatalog; path = Assets.xcassets; sourceTree = "<group>"; };
		217D3CFB29DF517100AAFEEB /* test3.entitlements */ = {isa = PBXFileReference; lastKnownFileType = text.plist.entitlements; path = test3.entitlements; sourceTree = "<group>"; };
		217D3CFD29DF517100AAFEEB /* Preview Assets.xcassets */ = {isa = PBXFileReference; lastKnownFileType = folder.assetcatalog; path = "Preview Assets.xcassets"; sourceTree = "<group>"; };
		217D3D0329DF517100AAFEEB /* test3Tests.xctest */ = {isa = PBXFileReference; explicitFileType = wrapper.cfbundle; includeInIndex = 0; path = test3Tests.xctest; sourceTree = BUILT_PRODUCTS_DIR; };
		217D3D0729DF517100AAFEEB /* test3Tests.swift */ = {isa = PBXFileReference; lastKnownFileType = sourcecode.swift; path = test3Tests.swift; sourceTree = "<group>"; };
		217D3D0D29DF517100AAFEEB /* test3UITests.xctest */ = {isa = PBXFileReference; explicitFileType = wrapper.cfbundle; includeInIndex = 0; path = test3UITests.xctest; sourceTree = BUILT_PRODUCTS_DIR; };
		217D3D1129DF517100AAFEEB /* test3UITests.swift */ = {isa = PBXFileReference; lastKnownFileType = sourcecode.swift; path = test3UITests.swift; sourceTree = "<group>"; };
		217D3D1329DF517100AAFEEB /* test3UITestsLaunchTests.swift */ = {isa = PBXFileReference; lastKnownFileType = sourcecode.swift; path = test3UITestsLaunchTests.swift; sourceTree = "<group>"; };
		217D3D2329DFF02800AAFEEB /* Info.plist */ = {isa = PBXFileReference; lastKnownFileType = text.plist; path = Info.plist; sourceTree = "<group>"; };
		217D3DCE29E2763300AAFEEB /* QRScanner.swift */ = {isa = PBXFileReference; lastKnownFileType = sourcecode.swift; path = QRScanner.swift; sourceTree = "<group>"; };
		21FD94DA29E65F95009BBEB8 /* audioRecorder.swift */ = {isa = PBXFileReference; lastKnownFileType = sourcecode.swift; path = audioRecorder.swift; sourceTree = "<group>"; };
/* End PBXFileReference section */

/* Begin PBXFrameworksBuildPhase section */
		217D3CEF29DF516E00AAFEEB /* Frameworks */ = {
			isa = PBXFrameworksBuildPhase;
			buildActionMask = 2147483647;
			files = (
				217D3D2229DFBF0400AAFEEB /* AudioKitUI in Frameworks */,
			);
			runOnlyForDeploymentPostprocessing = 0;
		};
		217D3D0029DF517100AAFEEB /* Frameworks */ = {
			isa = PBXFrameworksBuildPhase;
			buildActionMask = 2147483647;
			files = (
			);
			runOnlyForDeploymentPostprocessing = 0;
		};
		217D3D0A29DF517100AAFEEB /* Frameworks */ = {
			isa = PBXFrameworksBuildPhase;
			buildActionMask = 2147483647;
			files = (
			);
			runOnlyForDeploymentPostprocessing = 0;
		};
/* End PBXFrameworksBuildPhase section */

/* Begin PBXGroup section */
		217D3CE929DF516E00AAFEEB = {
			isa = PBXGroup;
			children = (
				21FD94DA29E65F95009BBEB8 /* audioRecorder.swift */,
				217D3DCE29E2763300AAFEEB /* QRScanner.swift */,
				217D3CF429DF516E00AAFEEB /* test3 */,
				217D3D0629DF517100AAFEEB /* test3Tests */,
				217D3D1029DF517100AAFEEB /* test3UITests */,
				217D3CF329DF516E00AAFEEB /* Products */,
			);
			sourceTree = "<group>";
		};
		217D3CF329DF516E00AAFEEB /* Products */ = {
			isa = PBXGroup;
			children = (
				217D3CF229DF516E00AAFEEB /* test3.app */,
				217D3D0329DF517100AAFEEB /* test3Tests.xctest */,
				217D3D0D29DF517100AAFEEB /* test3UITests.xctest */,
			);
			name = Products;
			sourceTree = "<group>";
		};
		217D3CF429DF516E00AAFEEB /* test3 */ = {
			isa = PBXGroup;
			children = (
				217D3D2329DFF02800AAFEEB /* Info.plist */,
				217D3CF529DF516E00AAFEEB /* test3App.swift */,
				217D3CF729DF516E00AAFEEB /* ContentView.swift */,
				217D3CF929DF517100AAFEEB /* Assets.xcassets */,
				217D3CFB29DF517100AAFEEB /* test3.entitlements */,
				217D3CFC29DF517100AAFEEB /* Preview Content */,
			);
			path = test3;
			sourceTree = "<group>";
		};
		217D3CFC29DF517100AAFEEB /* Preview Content */ = {
			isa = PBXGroup;
			children = (
				217D3CFD29DF517100AAFEEB /* Preview Assets.xcassets */,
			);
			path = "Preview Content";
			sourceTree = "<group>";
		};
		217D3D0629DF517100AAFEEB /* test3Tests */ = {
			isa = PBXGroup;
			children = (
				217D3D0729DF517100AAFEEB /* test3Tests.swift */,
			);
			path = test3Tests;
			sourceTree = "<group>";
		};
		217D3D1029DF517100AAFEEB /* test3UITests */ = {
			isa = PBXGroup;
			children = (
				217D3D1129DF517100AAFEEB /* test3UITests.swift */,
				217D3D1329DF517100AAFEEB /* test3UITestsLaunchTests.swift */,
			);
			path = test3UITests;
			sourceTree = "<group>";
		};
/* End PBXGroup section */

/* Begin PBXNativeTarget section */
		217D3CF129DF516E00AAFEEB /* test3 */ = {
			isa = PBXNativeTarget;
			buildConfigurationList = 217D3D1729DF517100AAFEEB /* Build configuration list for PBXNativeTarget "test3" */;
			buildPhases = (
				217D3CEE29DF516E00AAFEEB /* Sources */,
				217D3CEF29DF516E00AAFEEB /* Frameworks */,
				217D3CF029DF516E00AAFEEB /* Resources */,
			);
			buildRules = (
			);
			dependencies = (
			);
			name = test3;
			packageProductDependencies = (
				217D3D2129DFBF0400AAFEEB /* AudioKitUI */,
			);
			productName = test3;
			productReference = 217D3CF229DF516E00AAFEEB /* test3.app */;
			productType = "com.apple.product-type.application";
		};
		217D3D0229DF517100AAFEEB /* test3Tests */ = {
			isa = PBXNativeTarget;
			buildConfigurationList = 217D3D1A29DF517100AAFEEB /* Build configuration list for PBXNativeTarget "test3Tests" */;
			buildPhases = (
				217D3CFF29DF517100AAFEEB /* Sources */,
				217D3D0029DF517100AAFEEB /* Frameworks */,
				217D3D0129DF517100AAFEEB /* Resources */,
			);
			buildRules = (
			);
			dependencies = (
				217D3D0529DF517100AAFEEB /* PBXTargetDependency */,
			);
			name = test3Tests;
			productName = test3Tests;
			productReference = 217D3D0329DF517100AAFEEB /* test3Tests.xctest */;
			productType = "com.apple.product-type.bundle.unit-test";
		};
		217D3D0C29DF517100AAFEEB /* test3UITests */ = {
			isa = PBXNativeTarget;
			buildConfigurationList = 217D3D1D29DF517100AAFEEB /* Build configuration list for PBXNativeTarget "test3UITests" */;
			buildPhases = (
				217D3D0929DF517100AAFEEB /* Sources */,
				217D3D0A29DF517100AAFEEB /* Frameworks */,
				217D3D0B29DF517100AAFEEB /* Resources */,
			);
			buildRules = (
			);
			dependencies = (
				217D3D0F29DF517100AAFEEB /* PBXTargetDependency */,
			);
			name = test3UITests;
			productName = test3UITests;
			productReference = 217D3D0D29DF517100AAFEEB /* test3UITests.xctest */;
			productType = "com.apple.product-type.bundle.ui-testing";
		};
/* End PBXNativeTarget section */

/* Begin PBXProject section */
		217D3CEA29DF516E00AAFEEB /* Project object */ = {
			isa = PBXProject;
			attributes = {
				BuildIndependentTargetsInParallel = 1;
				LastSwiftUpdateCheck = 1430;
				LastUpgradeCheck = 1430;
				ORGANIZATIONNAME = "lingzhou125@gmail.com";
				TargetAttributes = {
					217D3CF129DF516E00AAFEEB = {
						CreatedOnToolsVersion = 14.3;
					};
					217D3D0229DF517100AAFEEB = {
						CreatedOnToolsVersion = 14.3;
						TestTargetID = 217D3CF129DF516E00AAFEEB;
					};
					217D3D0C29DF517100AAFEEB = {
						CreatedOnToolsVersion = 14.3;
						TestTargetID = 217D3CF129DF516E00AAFEEB;
					};
				};
			};
			buildConfigurationList = 217D3CED29DF516E00AAFEEB /* Build configuration list for PBXProject "test3" */;
			compatibilityVersion = "Xcode 14.0";
			developmentRegion = en;
			hasScannedForEncodings = 0;
			knownRegions = (
				en,
				Base,
			);
			mainGroup = 217D3CE929DF516E00AAFEEB;
			packageReferences = (
				217D3D2029DFBF0400AAFEEB /* XCRemoteSwiftPackageReference "AudioKitUI" */,
			);
			productRefGroup = 217D3CF329DF516E00AAFEEB /* Products */;
			projectDirPath = "";
			projectRoot = "";
			targets = (
				217D3CF129DF516E00AAFEEB /* test3 */,
				217D3D0229DF517100AAFEEB /* test3Tests */,
				217D3D0C29DF517100AAFEEB /* test3UITests */,
			);
		};
/* End PBXProject section */

/* Begin PBXResourcesBuildPhase section */
		217D3CF029DF516E00AAFEEB /* Resources */ = {
			isa = PBXResourcesBuildPhase;
			buildActionMask = 2147483647;
			files = (
				217D3CFE29DF517100AAFEEB /* Preview Assets.xcassets in Resources */,
				217D3CFA29DF517100AAFEEB /* Assets.xcassets in Resources */,
			);
			runOnlyForDeploymentPostprocessing = 0;
		};
		217D3D0129DF517100AAFEEB /* Resources */ = {
			isa = PBXResourcesBuildPhase;
			buildActionMask = 2147483647;
			files = (
			);
			runOnlyForDeploymentPostprocessing = 0;
		};
		217D3D0B29DF517100AAFEEB /* Resources */ = {
			isa = PBXResourcesBuildPhase;
			buildActionMask = 2147483647;
			files = (
			);
			runOnlyForDeploymentPostprocessing = 0;
		};
/* End PBXResourcesBuildPhase section */

/* Begin PBXSourcesBuildPhase section */
		217D3CEE29DF516E00AAFEEB /* Sources */ = {
			isa = PBXSourcesBuildPhase;
			buildActionMask = 2147483647;
			files = (
				217D3DCF29E2763300AAFEEB /* QRScanner.swift in Sources */,
				217D3CF829DF516E00AAFEEB /* ContentView.swift in Sources */,
				21FD94DB29E65F95009BBEB8 /* audioRecorder.swift in Sources */,
				217D3CF629DF516E00AAFEEB /* test3App.swift in Sources */,
			);
			runOnlyForDeploymentPostprocessing = 0;
		};
		217D3CFF29DF517100AAFEEB /* Sources */ = {
			isa = PBXSourcesBuildPhase;
			buildActionMask = 2147483647;
			files = (
				217D3D0829DF517100AAFEEB /* test3Tests.swift in Sources */,
			);
			runOnlyForDeploymentPostprocessing = 0;
		};
		217D3D0929DF517100AAFEEB /* Sources */ = {
			isa = PBXSourcesBuildPhase;
			buildActionMask = 2147483647;
			files = (
				217D3D1429DF517100AAFEEB /* test3UITestsLaunchTests.swift in Sources */,
				217D3D1229DF517100AAFEEB /* test3UITests.swift in Sources */,
			);
			runOnlyForDeploymentPostprocessing = 0;
		};
/* End PBXSourcesBuildPhase section */

/* Begin PBXTargetDependency section */
		217D3D0529DF517100AAFEEB /* PBXTargetDependency */ = {
			isa = PBXTargetDependency;
			target = 217D3CF129DF516E00AAFEEB /* test3 */;
			targetProxy = 217D3D0429DF517100AAFEEB /* PBXContainerItemProxy */;
		};
		217D3D0F29DF517100AAFEEB /* PBXTargetDependency */ = {
			isa = PBXTargetDependency;
			target = 217D3CF129DF516E00AAFEEB /* test3 */;
			targetProxy = 217D3D0E29DF517100AAFEEB /* PBXContainerItemProxy */;
		};
/* End PBXTargetDependency section */

/* Begin XCBuildConfiguration section */
		217D3D1529DF517100AAFEEB /* Debug */ = {
			isa = XCBuildConfiguration;
			buildSettings = {
				ALWAYS_SEARCH_USER_PATHS = NO;
				CLANG_ANALYZER_NONNULL = YES;
				CLANG_ANALYZER_NUMBER_OBJECT_CONVERSION = YES_AGGRESSIVE;
				CLANG_CXX_LANGUAGE_STANDARD = "gnu++20";
				CLANG_ENABLE_MODULES = YES;
				CLANG_ENABLE_OBJC_ARC = YES;
				CLANG_ENABLE_OBJC_WEAK = YES;
				CLANG_WARN_BLOCK_CAPTURE_AUTORELEASING = YES;
				CLANG_WARN_BOOL_CONVERSION = YES;
				CLANG_WARN_COMMA = YES;
				CLANG_WARN_CONSTANT_CONVERSION = YES;
				CLANG_WARN_DEPRECATED_OBJC_IMPLEMENTATIONS = YES;
				CLANG_WARN_DIRECT_OBJC_ISA_USAGE = YES_ERROR;
				CLANG_WARN_DOCUMENTATION_COMMENTS = YES;
				CLANG_WARN_EMPTY_BODY = YES;
				CLANG_WARN_ENUM_CONVERSION = YES;
				CLANG_WARN_INFINITE_RECURSION = YES;
				CLANG_WARN_INT_CONVERSION = YES;
				CLANG_WARN_NON_LITERAL_NULL_CONVERSION = YES;
				CLANG_WARN_OBJC_IMPLICIT_RETAIN_SELF = YES;
				CLANG_WARN_OBJC_LITERAL_CONVERSION = YES;
				CLANG_WARN_OBJC_ROOT_CLASS = YES_ERROR;
				CLANG_WARN_QUOTED_INCLUDE_IN_FRAMEWORK_HEADER = YES;
				CLANG_WARN_RANGE_LOOP_ANALYSIS = YES;
				CLANG_WARN_STRICT_PROTOTYPES = YES;
				CLANG_WARN_SUSPICIOUS_MOVE = YES;
				CLANG_WARN_UNGUARDED_AVAILABILITY = YES_AGGRESSIVE;
				CLANG_WARN_UNREACHABLE_CODE = YES;
				CLANG_WARN__DUPLICATE_METHOD_MATCH = YES;
				COPY_PHASE_STRIP = NO;
				DEBUG_INFORMATION_FORMAT = dwarf;
				ENABLE_STRICT_OBJC_MSGSEND = YES;
				ENABLE_TESTABILITY = YES;
				GCC_C_LANGUAGE_STANDARD = gnu11;
				GCC_DYNAMIC_NO_PIC = NO;
				GCC_NO_COMMON_BLOCKS = YES;
				GCC_OPTIMIZATION_LEVEL = 0;
				GCC_PREPROCESSOR_DEFINITIONS = (
					"DEBUG=1",
					"$(inherited)",
				);
				GCC_WARN_64_TO_32_BIT_CONVERSION = YES;
				GCC_WARN_ABOUT_RETURN_TYPE = YES_ERROR;
				GCC_WARN_UNDECLARED_SELECTOR = YES;
				GCC_WARN_UNINITIALIZED_AUTOS = YES_AGGRESSIVE;
				GCC_WARN_UNUSED_FUNCTION = YES;
				GCC_WARN_UNUSED_VARIABLE = YES;
				MTL_ENABLE_DEBUG_INFO = INCLUDE_SOURCE;
				MTL_FAST_MATH = YES;
				ONLY_ACTIVE_ARCH = YES;
				SWIFT_ACTIVE_COMPILATION_CONDITIONS = DEBUG;
				SWIFT_OPTIMIZATION_LEVEL = "-Onone";
			};
			name = Debug;
		};
		217D3D1629DF517100AAFEEB /* Release */ = {
			isa = XCBuildConfiguration;
			buildSettings = {
				ALWAYS_SEARCH_USER_PATHS = NO;
				CLANG_ANALYZER_NONNULL = YES;
				CLANG_ANALYZER_NUMBER_OBJECT_CONVERSION = YES_AGGRESSIVE;
				CLANG_CXX_LANGUAGE_STANDARD = "gnu++20";
				CLANG_ENABLE_MODULES = YES;
				CLANG_ENABLE_OBJC_ARC = YES;
				CLANG_ENABLE_OBJC_WEAK = YES;
				CLANG_WARN_BLOCK_CAPTURE_AUTORELEASING = YES;
				CLANG_WARN_BOOL_CONVERSION = YES;
				CLANG_WARN_COMMA = YES;
				CLANG_WARN_CONSTANT_CONVERSION = YES;
				CLANG_WARN_DEPRECATED_OBJC_IMPLEMENTATIONS = YES;
				CLANG_WARN_DIRECT_OBJC_ISA_USAGE = YES_ERROR;
				CLANG_WARN_DOCUMENTATION_COMMENTS = YES;
				CLANG_WARN_EMPTY_BODY = YES;
				CLANG_WARN_ENUM_CONVERSION = YES;
				CLANG_WARN_INFINITE_RECURSION = YES;
				CLANG_WARN_INT_CONVERSION = YES;
				CLANG_WARN_NON_LITERAL_NULL_CONVERSION = YES;
				CLANG_WARN_OBJC_IMPLICIT_RETAIN_SELF = YES;
				CLANG_WARN_OBJC_LITERAL_CONVERSION = YES;
				CLANG_WARN_OBJC_ROOT_CLASS = YES_ERROR;
				CLANG_WARN_QUOTED_INCLUDE_IN_FRAMEWORK_HEADER = YES;
				CLANG_WARN_RANGE_LOOP_ANALYSIS = YES;
				CLANG_WARN_STRICT_PROTOTYPES = YES;
				CLANG_WARN_SUSPICIOUS_MOVE = YES;
				CLANG_WARN_UNGUARDED_AVAILABILITY = YES_AGGRESSIVE;
				CLANG_WARN_UNREACHABLE_CODE = YES;
				CLANG_WARN__DUPLICATE_METHOD_MATCH = YES;
				COPY_PHASE_STRIP = NO;
				DEBUG_INFORMATION_FORMAT = "dwarf-with-dsym";
				ENABLE_NS_ASSERTIONS = NO;
				ENABLE_STRICT_OBJC_MSGSEND = YES;
				GCC_C_LANGUAGE_STANDARD = gnu11;
				GCC_NO_COMMON_BLOCKS = YES;
				GCC_WARN_64_TO_32_BIT_CONVERSION = YES;
				GCC_WARN_ABOUT_RETURN_TYPE = YES_ERROR;
				GCC_WARN_UNDECLARED_SELECTOR = YES;
				GCC_WARN_UNINITIALIZED_AUTOS = YES_AGGRESSIVE;
				GCC_WARN_UNUSED_FUNCTION = YES;
				GCC_WARN_UNUSED_VARIABLE = YES;
				MTL_ENABLE_DEBUG_INFO = NO;
				MTL_FAST_MATH = YES;
				SWIFT_COMPILATION_MODE = wholemodule;
				SWIFT_OPTIMIZATION_LEVEL = "-O";
			};
			name = Release;
		};
		217D3D1829DF517100AAFEEB /* Debug */ = {
			isa = XCBuildConfiguration;
			buildSettings = {
				ASSETCATALOG_COMPILER_APPICON_NAME = AppIcon;
				ASSETCATALOG_COMPILER_GLOBAL_ACCENT_COLOR_NAME = AccentColor;
				CODE_SIGN_ENTITLEMENTS = test3/test3.entitlements;
				CODE_SIGN_STYLE = Automatic;
				CURRENT_PROJECT_VERSION = 1;
				DEVELOPMENT_ASSET_PATHS = "\"test3/Preview Content\"";
				DEVELOPMENT_TEAM = U4LGNA4T2A;
				ENABLE_PREVIEWS = YES;
				GENERATE_INFOPLIST_FILE = YES;
				INFOPLIST_FILE = test3/Info.plist;
				INFOPLIST_KEY_NSCameraUsageDescription = "For QR code detection";
				INFOPLIST_KEY_NSMicrophoneUsageDescription = "For transcription";
				"INFOPLIST_KEY_UIApplicationSceneManifest_Generation[sdk=iphoneos*]" = YES;
				"INFOPLIST_KEY_UIApplicationSceneManifest_Generation[sdk=iphonesimulator*]" = YES;
				"INFOPLIST_KEY_UIApplicationSupportsIndirectInputEvents[sdk=iphoneos*]" = YES;
				"INFOPLIST_KEY_UIApplicationSupportsIndirectInputEvents[sdk=iphonesimulator*]" = YES;
				"INFOPLIST_KEY_UILaunchScreen_Generation[sdk=iphoneos*]" = YES;
				"INFOPLIST_KEY_UILaunchScreen_Generation[sdk=iphonesimulator*]" = YES;
				"INFOPLIST_KEY_UIStatusBarStyle[sdk=iphoneos*]" = UIStatusBarStyleDefault;
				"INFOPLIST_KEY_UIStatusBarStyle[sdk=iphonesimulator*]" = UIStatusBarStyleDefault;
				INFOPLIST_KEY_UISupportedInterfaceOrientations_iPad = "UIInterfaceOrientationPortrait UIInterfaceOrientationPortraitUpsideDown UIInterfaceOrientationLandscapeLeft UIInterfaceOrientationLandscapeRight";
				INFOPLIST_KEY_UISupportedInterfaceOrientations_iPhone = "UIInterfaceOrientationPortrait UIInterfaceOrientationLandscapeLeft UIInterfaceOrientationLandscapeRight";
				IPHONEOS_DEPLOYMENT_TARGET = 16.0;
				LD_RUNPATH_SEARCH_PATHS = "@executable_path/Frameworks";
				"LD_RUNPATH_SEARCH_PATHS[sdk=macosx*]" = "@executable_path/../Frameworks";
				MACOSX_DEPLOYMENT_TARGET = 13.3;
				MARKETING_VERSION = 1.0;
				PRODUCT_BUNDLE_IDENTIFIER = com.soaper;
				PRODUCT_NAME = "$(TARGET_NAME)";
				SDKROOT = auto;
				SUPPORTED_PLATFORMS = "iphoneos iphonesimulator macosx";
				SWIFT_EMIT_LOC_STRINGS = YES;
				SWIFT_VERSION = 5.0;
				TARGETED_DEVICE_FAMILY = "1,2";
			};
			name = Debug;
		};
		217D3D1929DF517100AAFEEB /* Release */ = {
			isa = XCBuildConfiguration;
			buildSettings = {
				ASSETCATALOG_COMPILER_APPICON_NAME = AppIcon;
				ASSETCATALOG_COMPILER_GLOBAL_ACCENT_COLOR_NAME = AccentColor;
				CODE_SIGN_ENTITLEMENTS = test3/test3.entitlements;
				CODE_SIGN_STYLE = Automatic;
				CURRENT_PROJECT_VERSION = 1;
				DEVELOPMENT_ASSET_PATHS = "\"test3/Preview Content\"";
				DEVELOPMENT_TEAM = U4LGNA4T2A;
				ENABLE_PREVIEWS = YES;
				GENERATE_INFOPLIST_FILE = YES;
				INFOPLIST_FILE = test3/Info.plist;
				INFOPLIST_KEY_NSCameraUsageDescription = "For QR code detection";
				INFOPLIST_KEY_NSMicrophoneUsageDescription = "For transcription";
				"INFOPLIST_KEY_UIApplicationSceneManifest_Generation[sdk=iphoneos*]" = YES;
				"INFOPLIST_KEY_UIApplicationSceneManifest_Generation[sdk=iphonesimulator*]" = YES;
				"INFOPLIST_KEY_UIApplicationSupportsIndirectInputEvents[sdk=iphoneos*]" = YES;
				"INFOPLIST_KEY_UIApplicationSupportsIndirectInputEvents[sdk=iphonesimulator*]" = YES;
				"INFOPLIST_KEY_UILaunchScreen_Generation[sdk=iphoneos*]" = YES;
				"INFOPLIST_KEY_UILaunchScreen_Generation[sdk=iphonesimulator*]" = YES;
				"INFOPLIST_KEY_UIStatusBarStyle[sdk=iphoneos*]" = UIStatusBarStyleDefault;
				"INFOPLIST_KEY_UIStatusBarStyle[sdk=iphonesimulator*]" = UIStatusBarStyleDefault;
				INFOPLIST_KEY_UISupportedInterfaceOrientations_iPad = "UIInterfaceOrientationPortrait UIInterfaceOrientationPortraitUpsideDown UIInterfaceOrientationLandscapeLeft UIInterfaceOrientationLandscapeRight";
				INFOPLIST_KEY_UISupportedInterfaceOrientations_iPhone = "UIInterfaceOrientationPortrait UIInterfaceOrientationLandscapeLeft UIInterfaceOrientationLandscapeRight";
				IPHONEOS_DEPLOYMENT_TARGET = 16.0;
				LD_RUNPATH_SEARCH_PATHS = "@executable_path/Frameworks";
				"LD_RUNPATH_SEARCH_PATHS[sdk=macosx*]" = "@executable_path/../Frameworks";
				MACOSX_DEPLOYMENT_TARGET = 13.3;
				MARKETING_VERSION = 1.0;
				PRODUCT_BUNDLE_IDENTIFIER = com.soaper;
				PRODUCT_NAME = "$(TARGET_NAME)";
				SDKROOT = auto;
				SUPPORTED_PLATFORMS = "iphoneos iphonesimulator macosx";
				SWIFT_EMIT_LOC_STRINGS = YES;
				SWIFT_VERSION = 5.0;
				TARGETED_DEVICE_FAMILY = "1,2";
			};
			name = Release;
		};
		217D3D1B29DF517100AAFEEB /* Debug */ = {
			isa = XCBuildConfiguration;
			buildSettings = {
				ALWAYS_EMBED_SWIFT_STANDARD_LIBRARIES = YES;
				BUNDLE_LOADER = "$(TEST_HOST)";
				CODE_SIGN_STYLE = Automatic;
				CURRENT_PROJECT_VERSION = 1;
				GENERATE_INFOPLIST_FILE = YES;
				IPHONEOS_DEPLOYMENT_TARGET = 16.4;
				MACOSX_DEPLOYMENT_TARGET = 13.3;
				MARKETING_VERSION = 1.0;
				PRODUCT_BUNDLE_IDENTIFIER = com.test3Tests;
				PRODUCT_NAME = "$(TARGET_NAME)";
				SDKROOT = auto;
				SUPPORTED_PLATFORMS = "iphoneos iphonesimulator macosx";
				SWIFT_EMIT_LOC_STRINGS = NO;
				SWIFT_VERSION = 5.0;
				TARGETED_DEVICE_FAMILY = "1,2";
				TEST_HOST = "$(BUILT_PRODUCTS_DIR)/test3.app/$(BUNDLE_EXECUTABLE_FOLDER_PATH)/test3";
			};
			name = Debug;
		};
		217D3D1C29DF517100AAFEEB /* Release */ = {
			isa = XCBuildConfiguration;
			buildSettings = {
				ALWAYS_EMBED_SWIFT_STANDARD_LIBRARIES = YES;
				BUNDLE_LOADER = "$(TEST_HOST)";
				CODE_SIGN_STYLE = Automatic;
				CURRENT_PROJECT_VERSION = 1;
				GENERATE_INFOPLIST_FILE = YES;
				IPHONEOS_DEPLOYMENT_TARGET = 16.4;
				MACOSX_DEPLOYMENT_TARGET = 13.3;
				MARKETING_VERSION = 1.0;
				PRODUCT_BUNDLE_IDENTIFIER = com.test3Tests;
				PRODUCT_NAME = "$(TARGET_NAME)";
				SDKROOT = auto;
				SUPPORTED_PLATFORMS = "iphoneos iphonesimulator macosx";
				SWIFT_EMIT_LOC_STRINGS = NO;
				SWIFT_VERSION = 5.0;
				TARGETED_DEVICE_FAMILY = "1,2";
				TEST_HOST = "$(BUILT_PRODUCTS_DIR)/test3.app/$(BUNDLE_EXECUTABLE_FOLDER_PATH)/test3";
			};
			name = Release;
		};
		217D3D1E29DF517100AAFEEB /* Debug */ = {
			isa = XCBuildConfiguration;
			buildSettings = {
				ALWAYS_EMBED_SWIFT_STANDARD_LIBRARIES = YES;
				CODE_SIGN_STYLE = Automatic;
				CURRENT_PROJECT_VERSION = 1;
				GENERATE_INFOPLIST_FILE = YES;
				IPHONEOS_DEPLOYMENT_TARGET = 16.4;
				MACOSX_DEPLOYMENT_TARGET = 13.3;
				MARKETING_VERSION = 1.0;
				PRODUCT_BUNDLE_IDENTIFIER = com.test3UITests;
				PRODUCT_NAME = "$(TARGET_NAME)";
				SDKROOT = auto;
				SUPPORTED_PLATFORMS = "iphoneos iphonesimulator macosx";
				SWIFT_EMIT_LOC_STRINGS = NO;
				SWIFT_VERSION = 5.0;
				TARGETED_DEVICE_FAMILY = "1,2";
				TEST_TARGET_NAME = test3;
			};
			name = Debug;
		};
		217D3D1F29DF517100AAFEEB /* Release */ = {
			isa = XCBuildConfiguration;
			buildSettings = {
				ALWAYS_EMBED_SWIFT_STANDARD_LIBRARIES = YES;
				CODE_SIGN_STYLE = Automatic;
				CURRENT_PROJECT_VERSION = 1;
				GENERATE_INFOPLIST_FILE = YES;
				IPHONEOS_DEPLOYMENT_TARGET = 16.4;
				MACOSX_DEPLOYMENT_TARGET = 13.3;
				MARKETING_VERSION = 1.0;
				PRODUCT_BUNDLE_IDENTIFIER = com.test3UITests;
				PRODUCT_NAME = "$(TARGET_NAME)";
				SDKROOT = auto;
				SUPPORTED_PLATFORMS = "iphoneos iphonesimulator macosx";
				SWIFT_EMIT_LOC_STRINGS = NO;
				SWIFT_VERSION = 5.0;
				TARGETED_DEVICE_FAMILY = "1,2";
				TEST_TARGET_NAME = test3;
			};
			name = Release;
		};
/* End XCBuildConfiguration section */

/* Begin XCConfigurationList section */
		217D3CED29DF516E00AAFEEB /* Build configuration list for PBXProject "test3" */ = {
			isa = XCConfigurationList;
			buildConfigurations = (
				217D3D1529DF517100AAFEEB /* Debug */,
				217D3D1629DF517100AAFEEB /* Release */,
			);
			defaultConfigurationIsVisible = 0;
			defaultConfigurationName = Release;
		};
		217D3D1729DF517100AAFEEB /* Build configuration list for PBXNativeTarget "test3" */ = {
			isa = XCConfigurationList;
			buildConfigurations = (
				217D3D1829DF517100AAFEEB /* Debug */,
				217D3D1929DF517100AAFEEB /* Release */,
			);
			defaultConfigurationIsVisible = 0;
			defaultConfigurationName = Release;
		};
		217D3D1A29DF517100AAFEEB /* Build configuration list for PBXNativeTarget "test3Tests" */ = {
			isa = XCConfigurationList;
			buildConfigurations = (
				217D3D1B29DF517100AAFEEB /* Debug */,
				217D3D1C29DF517100AAFEEB /* Release */,
			);
			defaultConfigurationIsVisible = 0;
			defaultConfigurationName = Release;
		};
		217D3D1D29DF517100AAFEEB /* Build configuration list for PBXNativeTarget "test3UITests" */ = {
			isa = XCConfigurationList;
			buildConfigurations = (
				217D3D1E29DF517100AAFEEB /* Debug */,
				217D3D1F29DF517100AAFEEB /* Release */,
			);
			defaultConfigurationIsVisible = 0;
			defaultConfigurationName = Release;
		};
/* End XCConfigurationList section */

/* Begin XCRemoteSwiftPackageReference section */
		217D3D2029DFBF0400AAFEEB /* XCRemoteSwiftPackageReference "AudioKitUI" */ = {
			isa = XCRemoteSwiftPackageReference;
			repositoryURL = "https://github.com/AudioKit/AudioKitUI";
			requirement = {
				kind = upToNextMajorVersion;
				minimumVersion = 0.3.5;
			};
		};
/* End XCRemoteSwiftPackageReference section */

/* Begin XCSwiftPackageProductDependency section */
		217D3D2129DFBF0400AAFEEB /* AudioKitUI */ = {
			isa = XCSwiftPackageProductDependency;
			package = 217D3D2029DFBF0400AAFEEB /* XCRemoteSwiftPackageReference "AudioKitUI" */;
			productName = AudioKitUI;
		};
/* End XCSwiftPackageProductDependency section */
	};
	rootObject = 217D3CEA29DF516E00AAFEEB /* Project object */;
}
